{
  "name": "ipsesh",
  "version": "1.0.0",
  "lockfileVersion": 2,
  "requires": true,
  "packages": {
    "": {
      "name": "ipsesh",
      "version": "1.0.0",
      "license": "ISC",
      "dependencies": {
        "@patonz/ipseshjs": "^0.0.1"
      }
    },
    "node_modules/@patonz/ipseshjs": {
      "version": "0.0.1",
      "resolved": "https://registry.npmjs.org/@patonz/ipseshjs/-/ipseshjs-0.0.1.tgz",
      "integrity": "sha512-kzRcHznBVH0jALvYnQl7Zsz6HD47zw9DXLeUZA7RDdRPwo5eBGwq9a1euckg0SDqSf0MkQNye4pqLz3T7cMoTQ==",
      "dependencies": {
        "broadcast-address": "^1.0.2",
        "dotenv": "^16.0.0"
      }
    },
    "node_modules/broadcast-address": {
      "version": "1.0.2",
      "resolved": "https://registry.npmjs.org/broadcast-address/-/broadcast-address-1.0.2.tgz",
      "integrity": "sha512-G9bslPECDbowXbH8+08zqBha14LtRofoTT6DUQxePXyv3AaU0It+vkhPq+tENJB0MNrC5fxPqpM7Fqk+vME/hA==",
      "dependencies": {
        "has-deep-value": "1.1.0"
      }
    },
    "node_modules/dotenv": {
      "version": "16.0.1",
      "resolved": "https://registry.npmjs.org/dotenv/-/dotenv-16.0.1.tgz",
      "integrity": "sha512-1K6hR6wtk2FviQ4kEiSjFiH5rpzEVi8WW0x96aztHVMhEspNpc4DVOUTEHtEva5VThQ8IaBX1Pe4gSzpVVUsKQ==",
      "engines": {
        "node": ">=12"
      }
    },
    "node_modules/has-deep-value": {
      "version": "1.1.0",
      "resolved": "https://registry.npmjs.org/has-deep-value/-/has-deep-value-1.1.0.tgz",
      "integrity": "sha512-vK01gd6Pkq/9aOZucinrI03+jt85gzkdEd3DHlOWcV25xEo222BkR5utJcbqJizJaLXVqUP42brXp98pm6jFNQ=="
    }
  },
  "dependencies": {
    "@patonz/ipseshjs": {
      "version": "0.0.1",
      "resolved": "https://registry.npmjs.org/@patonz/ipseshjs/-/ipseshjs-0.0.1.tgz",
      "integrity": "sha512-kzRcHznBVH0jALvYnQl7Zsz6HD47zw9DXLeUZA7RDdRPwo5eBGwq9a1euckg0SDqSf0MkQNye4pqLz3T7cMoTQ==",
      "requires": {
        "broadcast-address": "^1.0.2",
        "dotenv": "^16.0.0"
      }
    },
    "broadcast-address": {
      "version": "1.0.2",
      "resolved": "https://registry.npmjs.org/broadcast-address/-/broadcast-address-1.0.2.tgz",
      "integrity": "sha512-G9bslPECDbowXbH8+08zqBha14LtRofoTT6DUQxePXyv3AaU0It+vkhPq+tENJB0MNrC5fxPqpM7Fqk+vME/hA==",
      "requires": {
        "has-deep-value": "1.1.0"
      }
    },
    "dotenv": {
      "version": "16.0.1",
      "resolved": "https://registry.npmjs.org/dotenv/-/dotenv-16.0.1.tgz",
      "integrity": "sha512-1K6hR6wtk2FviQ4kEiSjFiH5rpzEVi8WW0x96aztHVMhEspNpc4DVOUTEHtEva5VThQ8IaBX1Pe4gSzpVVUsKQ=="
    },
    "has-deep-value": {
      "version": "1.1.0",
      "resolved": "https://registry.npmjs.org/has-deep-value/-/has-deep-value-1.1.0.tgz",
      "integrity": "sha512-vK01gd6Pkq/9aOZucinrI03+jt85gzkdEd3DHlOWcV25xEo222BkR5utJcbqJizJaLXVqUP42brXp98pm6jFNQ=="
    }
  }
}
