{
  "name": "ipsesh",
  "version": "1.0.0",
  "lockfileVersion": 2,
  "requires": true,
  "packages": {
    "": {
      "name": "ipsesh",
      "version": "1.0.0",
      "license": "ISC",
      "dependencies": {
        "ipsesh": "file:../../../lib/adapters/ipsesh.js"
      }
    },
    "../../../lib/adapters/ipsesh": {
      "version": "1.0.0",
      "extraneous": true,
      "license": "ISC",
      "dependencies": {
        "@patonz/ipseshjs": "^0.0.1"
      }
    },
    "../../../lib/adapters/ipsesh.js": {},
    "node_modules/ipsesh": {
      "resolved": "../../../lib/adapters/ipsesh.js",
      "link": true
    }
  },
  "dependencies": {
    "ipsesh": {
      "version": "file:../../../lib/adapters/ipsesh.js"
    }
  }
}
